{
    "_readme": [
        "This file locks the dependencies of your project to a known state",
        "Read more about it at http://getcomposer.org/doc/01-basic-usage.md#composer-lock-the-lock-file"
    ],
    "hash": "f8c7d29a3dd14f1415199aea0c93e681",
    "packages": [
        {
            "name": "rodneyrehm/plist",
            "version": "dev-master",
            "source": {
                "type": "git",
                "url": "https://github.com/rodneyrehm/CFPropertyList.git",
                "reference": "80e965a5ca0185f3a87295d03eb9becfd96fe862"
            },
            "dist": {
                "type": "zip",
                "url": "https://api.github.com/repos/rodneyrehm/CFPropertyList/zipball/80e965a5ca0185f3a87295d03eb9becfd96fe862",
                "reference": "80e965a5ca0185f3a87295d03eb9becfd96fe862",
                "shasum": ""
            },
            "require": {
                "php": ">=5.3"
            },
            "type": "library",
            "autoload": {
                "psr-0": {
                    "CFPropertyList": "classes/"
                }
            },
            "notification-url": "https://packagist.org/downloads/",
            "license": [
                "MIT"
            ],
            "authors": [
                {
                    "name": "Christian Kruse",
                    "email": "cjk@wwwtech.de"
                },
                {
                    "name": "Rodney Rehm",
                    "email": "mail+github@rodneyrehm.de"
                }
            ],
            "description": "Library for reading and writing Apple's CFPropertyList (plist) files in XML as well as binary format.",
            "homepage": "https://github.com/rodneyrehm/CFPropertyList",
            "keywords": [
                "plist"
            ],
            "time": "2013-10-17 07:12:30"
        }
    ],
    "packages-dev": [

    ],
    "aliases": [

    ],
    "minimum-stability": "dev",
    "stability-flags": {
        "rodneyrehm/plist": 20
    },
    "platform": [

    ],
    "platform-dev": [

    ]
}
